
Microsoft Visual Studio Solution File, Format Version 11.00
# Visual Studio 2010
Project("{FAE04EC0-301F-11D3-BF4B-00C04F79EFBC}") = "Assembly-CSharp", "Assembly-CSharp.csproj", "{23643f08-1339-1ff8-b3f1-ac4a9149eea9}"
EndProject
Global
	GlobalSection(SolutionConfigurationPlatforms) = preSolution
		Debug|Any CPU = Debug|Any CPU
		Release|Any CPU = Release|Any CPU
	EndGlobalSection
	GlobalSection(ProjectConfigurationPlatforms) = postSolution
		{23643f08-1339-1ff8-b3f1-ac4a9149eea9}.Debug|Any CPU.ActiveCfg = Debug|Any CPU
		{23643f08-1339-1ff8-b3f1-ac4a9149eea9}.Debug|Any CPU.Build.0 = Debug|Any CPU
		{23643f08-1339-1ff8-b3f1-ac4a9149eea9}.Release|Any CPU.ActiveCfg = Release|Any CPU
		{23643f08-1339-1ff8-b3f1-ac4a9149eea9}.Release|Any CPU.Build.0 = Release|Any CPU
	EndGlobalSection
	GlobalSection(SolutionProperties) = preSolution
		HideSolutionNode = FALSE
	EndGlobalSection
EndGlobal
